
Microsoft Visual Studio Solution File, Format Version 12.00
# Visual Studio 2013
VisualStudioVersion = 12.0.21005.1
MinimumVisualStudioVersion = 10.0.40219.1
Project("{FAE04EC0-301F-11D3-BF4B-00C04F79EFBC}") = "HiCSModel", "HiCSModel\HiCSModel.csproj", "{BA91EE53-3D9E-4672-8F91-6336FA25E858}"
EndProject
Project("{FAE04EC0-301F-11D3-BF4B-00C04F79EFBC}") = "HiCSFormTest", "HiCSFormTest\HiCSFormTest.csproj", "{B87B4FD4-4A87-472B-BBE3-E3A705604BED}"
EndProject
Project("{FAE04EC0-301F-11D3-BF4B-00C04F79EFBC}") = "HiCSControl", "HiCSControl\HiCSControl.csproj", "{F58ED24C-DA0A-43CE-9D59-D2AD5C29C7DA}"
EndProject
Project("{FAE04EC0-301F-11D3-BF4B-00C04F79EFBC}") = "HiCSUserControl", "HiCSUserControl\HiCSUserControl.csproj", "{88786F33-0C53-46E5-9D92-B4A926423826}"
EndProject
Project("{FAE04EC0-301F-11D3-BF4B-00C04F79EFBC}") = "HiCSUIHelper", "HiCSUIHelper\HiCSUIHelper.csproj", "{F48D96F1-9E81-405C-8DB7-E0759C650BF6}"
EndProject
Project("{FAE04EC0-301F-11D3-BF4B-00C04F79EFBC}") = "HiUIFormTest", "HiUIFormTest\HiUIFormTest.csproj", "{2B05EA94-C494-4193-8F09-D3ABE258D724}"
EndProject
Project("{FAE04EC0-301F-11D3-BF4B-00C04F79EFBC}") = "HiCSProvider", "..\HiCSProvider\HiCSProvider\HiCSProvider.csproj", "{43C2740D-83C2-4976-A2ED-0CAD161CFBAC}"
EndProject
Global
	GlobalSection(SolutionConfigurationPlatforms) = preSolution
		Debug|Any CPU = Debug|Any CPU
		Release|Any CPU = Release|Any CPU
	EndGlobalSection
	GlobalSection(ProjectConfigurationPlatforms) = postSolution
		{BA91EE53-3D9E-4672-8F91-6336FA25E858}.Debug|Any CPU.ActiveCfg = Debug|Any CPU
		{BA91EE53-3D9E-4672-8F91-6336FA25E858}.Debug|Any CPU.Build.0 = Debug|Any CPU
		{BA91EE53-3D9E-4672-8F91-6336FA25E858}.Release|Any CPU.ActiveCfg = Release|Any CPU
		{BA91EE53-3D9E-4672-8F91-6336FA25E858}.Release|Any CPU.Build.0 = Release|Any CPU
		{B87B4FD4-4A87-472B-BBE3-E3A705604BED}.Debug|Any CPU.ActiveCfg = Debug|Any CPU
		{B87B4FD4-4A87-472B-BBE3-E3A705604BED}.Debug|Any CPU.Build.0 = Debug|Any CPU
		{B87B4FD4-4A87-472B-BBE3-E3A705604BED}.Release|Any CPU.ActiveCfg = Release|Any CPU
		{B87B4FD4-4A87-472B-BBE3-E3A705604BED}.Release|Any CPU.Build.0 = Release|Any CPU
		{F58ED24C-DA0A-43CE-9D59-D2AD5C29C7DA}.Debug|Any CPU.ActiveCfg = Debug|Any CPU
		{F58ED24C-DA0A-43CE-9D59-D2AD5C29C7DA}.Debug|Any CPU.Build.0 = Debug|Any CPU
		{F58ED24C-DA0A-43CE-9D59-D2AD5C29C7DA}.Release|Any CPU.ActiveCfg = Release|Any CPU
		{F58ED24C-DA0A-43CE-9D59-D2AD5C29C7DA}.Release|Any CPU.Build.0 = Release|Any CPU
		{88786F33-0C53-46E5-9D92-B4A926423826}.Debug|Any CPU.ActiveCfg = Debug|Any CPU
		{88786F33-0C53-46E5-9D92-B4A926423826}.Debug|Any CPU.Build.0 = Debug|Any CPU
		{88786F33-0C53-46E5-9D92-B4A926423826}.Release|Any CPU.ActiveCfg = Release|Any CPU
		{88786F33-0C53-46E5-9D92-B4A926423826}.Release|Any CPU.Build.0 = Release|Any CPU
		{F48D96F1-9E81-405C-8DB7-E0759C650BF6}.Debug|Any CPU.ActiveCfg = Debug|Any CPU
		{F48D96F1-9E81-405C-8DB7-E0759C650BF6}.Debug|Any CPU.Build.0 = Debug|Any CPU
		{F48D96F1-9E81-405C-8DB7-E0759C650BF6}.Release|Any CPU.ActiveCfg = Release|Any CPU
		{F48D96F1-9E81-405C-8DB7-E0759C650BF6}.Release|Any CPU.Build.0 = Release|Any CPU
		{2B05EA94-C494-4193-8F09-D3ABE258D724}.Debug|Any CPU.ActiveCfg = Debug|Any CPU
		{2B05EA94-C494-4193-8F09-D3ABE258D724}.Debug|Any CPU.Build.0 = Debug|Any CPU
		{2B05EA94-C494-4193-8F09-D3ABE258D724}.Release|Any CPU.ActiveCfg = Release|Any CPU
		{2B05EA94-C494-4193-8F09-D3ABE258D724}.Release|Any CPU.Build.0 = Release|Any CPU
		{43C2740D-83C2-4976-A2ED-0CAD161CFBAC}.Debug|Any CPU.ActiveCfg = Debug|Any CPU
		{43C2740D-83C2-4976-A2ED-0CAD161CFBAC}.Debug|Any CPU.Build.0 = Debug|Any CPU
		{43C2740D-83C2-4976-A2ED-0CAD161CFBAC}.Release|Any CPU.ActiveCfg = Release|Any CPU
		{43C2740D-83C2-4976-A2ED-0CAD161CFBAC}.Release|Any CPU.Build.0 = Release|Any CPU
	EndGlobalSection
	GlobalSection(SolutionProperties) = preSolution
		HideSolutionNode = FALSE
	EndGlobalSection
EndGlobal
